
Microsoft Visual Studio Solution File, Format Version 12.00
# Visual Studio Version 16
VisualStudioVersion = 16.0.30320.27
MinimumVisualStudioVersion = 10.0.40219.1
Project("{FAE04EC0-301F-11D3-BF4B-00C04F79EFBC}") = "PagosVisaWeb", "PagosVisaWeb.csproj", "{70D933E4-D5F9-44DD-920C-477085C2AAB4}"
EndProject
Global
	GlobalSection(SolutionConfigurationPlatforms) = preSolution
		Debug|Any CPU = Debug|Any CPU
		Release|Any CPU = Release|Any CPU
	EndGlobalSection
	GlobalSection(ProjectConfigurationPlatforms) = postSolution
		{70D933E4-D5F9-44DD-920C-477085C2AAB4}.Debug|Any CPU.ActiveCfg = Debug|Any CPU
		{70D933E4-D5F9-44DD-920C-477085C2AAB4}.Debug|Any CPU.Build.0 = Debug|Any CPU
		{70D933E4-D5F9-44DD-920C-477085C2AAB4}.Release|Any CPU.ActiveCfg = Release|Any CPU
		{70D933E4-D5F9-44DD-920C-477085C2AAB4}.Release|Any CPU.Build.0 = Release|Any CPU
	EndGlobalSection
	GlobalSection(SolutionProperties) = preSolution
		HideSolutionNode = FALSE
	EndGlobalSection
	GlobalSection(ExtensibilityGlobals) = postSolution
		SolutionGuid = {4015B2B0-233E-413D-8B27-FF75DEC3D2DB}
	EndGlobalSection
EndGlobal
